
Microsoft Visual Studio Solution File, Format Version 12.00
# Visual Studio 15
VisualStudioVersion = 15.0.26228.12
MinimumVisualStudioVersion = 10.0.40219.1
Project("{FAE04EC0-301F-11D3-BF4B-00C04F79EFBC}") = "BookKeeping.Client", "BookKeeping.Client\BookKeeping.Client.csproj", "{4603EC21-2AE1-4515-9C7C-58E9A68A106E}"
EndProject
Project("{FAE04EC0-301F-11D3-BF4B-00C04F79EFBC}") = "PL.BookKeeping.Data", "PL.BookKeeping.Data\PL.BookKeeping.Data.csproj", "{3FBE891B-065F-4DEA-989A-F85BD1EC9D9A}"
EndProject
Project("{FAE04EC0-301F-11D3-BF4B-00C04F79EFBC}") = "PL.BookKeeping.Business", "PL.BookKeeping.Business\PL.BookKeeping.Business.csproj", "{9905A1EA-A6B2-4FEA-B03D-B7DB011D4A95}"
EndProject
Project("{FAE04EC0-301F-11D3-BF4B-00C04F79EFBC}") = "PL.BookKeeping.Entities", "PL.BookKeeping.Entities\PL.BookKeeping.Entities.csproj", "{E3EB20CA-C2F3-4113-999E-679ECCE660F1}"
EndProject
Project("{FAE04EC0-301F-11D3-BF4B-00C04F79EFBC}") = "PL.Logger", "PL.Logger\PL.Logger.csproj", "{EC4D9E5B-B1A1-49EB-A7DB-49FE70E12906}"
EndProject
Project("{FAE04EC0-301F-11D3-BF4B-00C04F79EFBC}") = "PL.BookKeeping.Infrastructure", "PL.BookKeeping.Infrastructure\PL.BookKeeping.Infrastructure.csproj", "{C25B5304-0FDE-4CE3-AEA8-6A3AD78EBDED}"
EndProject
Project("{FAE04EC0-301F-11D3-BF4B-00C04F79EFBC}") = "PL.Common.Prism", "PL.Common.Prism\PL.Common.Prism.csproj", "{87F76E27-EF8D-454E-B87A-257741EB2BD2}"
EndProject
Project("{2150E333-8FDC-42A3-9474-1A3956D46DE8}") = "Database", "Database", "{55CF0E04-2CE6-4C76-A590-3854B7659108}"
	ProjectSection(SolutionItems) = preProject
		Database\BookKeeping.FDB = Database\BookKeeping.FDB
	EndProjectSection
EndProject
Project("{FAE04EC0-301F-11D3-BF4B-00C04F79EFBC}") = "PL.BookKeeping.Business.Tests", "PL.BookKeeping.BusinessTests\PL.BookKeeping.Business.Tests.csproj", "{4669EC02-90EF-4C52-AC74-FDDF11269C06}"
EndProject
Project("{FAE04EC0-301F-11D3-BF4B-00C04F79EFBC}") = "PL.BookKeeping.Entities.Tests", "PL.BookKeeping.EntitiesTests\PL.BookKeeping.Entities.Tests.csproj", "{887FE226-D2CA-4AF9-928C-355E3775BAB2}"
EndProject
Project("{2150E333-8FDC-42A3-9474-1A3956D46DE8}") = "Solution Items", "Solution Items", "{3FA667C9-941D-480B-9EFE-6473255D10B9}"
	ProjectSection(SolutionItems) = preProject
		BookKeeping.nunit = BookKeeping.nunit
	EndProjectSection
EndProject
Project("{FAE04EC0-301F-11D3-BF4B-00C04F79EFBC}") = "BookKeeping.Client.Android", "BookKeeping.Client.Android\BookKeeping.Client.Android.csproj", "{4FCF7327-DF59-402F-B6B9-32528A3EDC04}"
EndProject
Project("{2150E333-8FDC-42A3-9474-1A3956D46DE8}") = "Tools", "Tools", "{637CB96C-563C-41D1-8D35-D3BF3ECB4C5B}"
EndProject
Project("{FAE04EC0-301F-11D3-BF4B-00C04F79EFBC}") = "FBExportImporter", "FBExportImporter\FBExportImporter.csproj", "{9FFE5F55-6F7C-4BF6-BD06-087DD5110BEE}"
EndProject
Global
	GlobalSection(SolutionConfigurationPlatforms) = preSolution
		Debug|Any CPU = Debug|Any CPU
		Release|Any CPU = Release|Any CPU
	EndGlobalSection
	GlobalSection(ProjectConfigurationPlatforms) = postSolution
		{4603EC21-2AE1-4515-9C7C-58E9A68A106E}.Debug|Any CPU.ActiveCfg = Debug|Any CPU
		{4603EC21-2AE1-4515-9C7C-58E9A68A106E}.Debug|Any CPU.Build.0 = Debug|Any CPU
		{4603EC21-2AE1-4515-9C7C-58E9A68A106E}.Release|Any CPU.ActiveCfg = Release|Any CPU
		{4603EC21-2AE1-4515-9C7C-58E9A68A106E}.Release|Any CPU.Build.0 = Release|Any CPU
		{3FBE891B-065F-4DEA-989A-F85BD1EC9D9A}.Debug|Any CPU.ActiveCfg = Debug|Any CPU
		{3FBE891B-065F-4DEA-989A-F85BD1EC9D9A}.Debug|Any CPU.Build.0 = Debug|Any CPU
		{3FBE891B-065F-4DEA-989A-F85BD1EC9D9A}.Release|Any CPU.ActiveCfg = Release|Any CPU
		{3FBE891B-065F-4DEA-989A-F85BD1EC9D9A}.Release|Any CPU.Build.0 = Release|Any CPU
		{9905A1EA-A6B2-4FEA-B03D-B7DB011D4A95}.Debug|Any CPU.ActiveCfg = Debug|Any CPU
		{9905A1EA-A6B2-4FEA-B03D-B7DB011D4A95}.Debug|Any CPU.Build.0 = Debug|Any CPU
		{9905A1EA-A6B2-4FEA-B03D-B7DB011D4A95}.Release|Any CPU.ActiveCfg = Release|Any CPU
		{9905A1EA-A6B2-4FEA-B03D-B7DB011D4A95}.Release|Any CPU.Build.0 = Release|Any CPU
		{E3EB20CA-C2F3-4113-999E-679ECCE660F1}.Debug|Any CPU.ActiveCfg = Debug|Any CPU
		{E3EB20CA-C2F3-4113-999E-679ECCE660F1}.Debug|Any CPU.Build.0 = Debug|Any CPU
		{E3EB20CA-C2F3-4113-999E-679ECCE660F1}.Release|Any CPU.ActiveCfg = Release|Any CPU
		{E3EB20CA-C2F3-4113-999E-679ECCE660F1}.Release|Any CPU.Build.0 = Release|Any CPU
		{EC4D9E5B-B1A1-49EB-A7DB-49FE70E12906}.Debug|Any CPU.ActiveCfg = Debug|Any CPU
		{EC4D9E5B-B1A1-49EB-A7DB-49FE70E12906}.Debug|Any CPU.Build.0 = Debug|Any CPU
		{EC4D9E5B-B1A1-49EB-A7DB-49FE70E12906}.Release|Any CPU.ActiveCfg = Release|Any CPU
		{EC4D9E5B-B1A1-49EB-A7DB-49FE70E12906}.Release|Any CPU.Build.0 = Release|Any CPU
		{C25B5304-0FDE-4CE3-AEA8-6A3AD78EBDED}.Debug|Any CPU.ActiveCfg = Debug|Any CPU
		{C25B5304-0FDE-4CE3-AEA8-6A3AD78EBDED}.Debug|Any CPU.Build.0 = Debug|Any CPU
		{C25B5304-0FDE-4CE3-AEA8-6A3AD78EBDED}.Release|Any CPU.ActiveCfg = Release|Any CPU
		{C25B5304-0FDE-4CE3-AEA8-6A3AD78EBDED}.Release|Any CPU.Build.0 = Release|Any CPU
		{87F76E27-EF8D-454E-B87A-257741EB2BD2}.Debug|Any CPU.ActiveCfg = Debug|Any CPU
		{87F76E27-EF8D-454E-B87A-257741EB2BD2}.Debug|Any CPU.Build.0 = Debug|Any CPU
		{87F76E27-EF8D-454E-B87A-257741EB2BD2}.Release|Any CPU.ActiveCfg = Release|Any CPU
		{87F76E27-EF8D-454E-B87A-257741EB2BD2}.Release|Any CPU.Build.0 = Release|Any CPU
		{4669EC02-90EF-4C52-AC74-FDDF11269C06}.Debug|Any CPU.ActiveCfg = Debug|Any CPU
		{4669EC02-90EF-4C52-AC74-FDDF11269C06}.Debug|Any CPU.Build.0 = Debug|Any CPU
		{4669EC02-90EF-4C52-AC74-FDDF11269C06}.Release|Any CPU.ActiveCfg = Release|Any CPU
		{4669EC02-90EF-4C52-AC74-FDDF11269C06}.Release|Any CPU.Build.0 = Release|Any CPU
		{887FE226-D2CA-4AF9-928C-355E3775BAB2}.Debug|Any CPU.ActiveCfg = Debug|Any CPU
		{887FE226-D2CA-4AF9-928C-355E3775BAB2}.Debug|Any CPU.Build.0 = Debug|Any CPU
		{887FE226-D2CA-4AF9-928C-355E3775BAB2}.Release|Any CPU.ActiveCfg = Release|Any CPU
		{887FE226-D2CA-4AF9-928C-355E3775BAB2}.Release|Any CPU.Build.0 = Release|Any CPU
		{4FCF7327-DF59-402F-B6B9-32528A3EDC04}.Debug|Any CPU.ActiveCfg = Debug|Any CPU
		{4FCF7327-DF59-402F-B6B9-32528A3EDC04}.Debug|Any CPU.Build.0 = Debug|Any CPU
		{4FCF7327-DF59-402F-B6B9-32528A3EDC04}.Debug|Any CPU.Deploy.0 = Debug|Any CPU
		{4FCF7327-DF59-402F-B6B9-32528A3EDC04}.Release|Any CPU.ActiveCfg = Release|Any CPU
		{4FCF7327-DF59-402F-B6B9-32528A3EDC04}.Release|Any CPU.Build.0 = Release|Any CPU
		{4FCF7327-DF59-402F-B6B9-32528A3EDC04}.Release|Any CPU.Deploy.0 = Release|Any CPU
		{9FFE5F55-6F7C-4BF6-BD06-087DD5110BEE}.Debug|Any CPU.ActiveCfg = Debug|Any CPU
		{9FFE5F55-6F7C-4BF6-BD06-087DD5110BEE}.Debug|Any CPU.Build.0 = Debug|Any CPU
		{9FFE5F55-6F7C-4BF6-BD06-087DD5110BEE}.Release|Any CPU.ActiveCfg = Release|Any CPU
		{9FFE5F55-6F7C-4BF6-BD06-087DD5110BEE}.Release|Any CPU.Build.0 = Release|Any CPU
	EndGlobalSection
	GlobalSection(SolutionProperties) = preSolution
		HideSolutionNode = FALSE
	EndGlobalSection
	GlobalSection(NestedProjects) = preSolution
		{9FFE5F55-6F7C-4BF6-BD06-087DD5110BEE} = {637CB96C-563C-41D1-8D35-D3BF3ECB4C5B}
	EndGlobalSection
EndGlobal
