
Microsoft Visual Studio Solution File, Format Version 12.00
# Visual Studio 14
VisualStudioVersion = 14.0.23107.0
MinimumVisualStudioVersion = 10.0.40219.1
Project("{FAE04EC0-301F-11D3-BF4B-00C04F79EFBC}") = "BookKeeping.Client", "BookKeeping.Client\BookKeeping.Client.csproj", "{4603EC21-2AE1-4515-9C7C-58E9A68A106E}"
EndProject
Project("{FAE04EC0-301F-11D3-BF4B-00C04F79EFBC}") = "PL.BookKeeping.Data", "PL.BookKeeping.Data\PL.BookKeeping.Data.csproj", "{3FBE891B-065F-4DEA-989A-F85BD1EC9D9A}"
EndProject
Project("{FAE04EC0-301F-11D3-BF4B-00C04F79EFBC}") = "PL.BookKeeping.Business", "PL.BookKeeping.Business\PL.BookKeeping.Business.csproj", "{9905A1EA-A6B2-4FEA-B03D-B7DB011D4A95}"
EndProject
Project("{FAE04EC0-301F-11D3-BF4B-00C04F79EFBC}") = "PL.BookKeeping.Entities", "PL.BookKeeping.Entities\PL.BookKeeping.Entities.csproj", "{E3EB20CA-C2F3-4113-999E-679ECCE660F1}"
EndProject
Project("{FAE04EC0-301F-11D3-BF4B-00C04F79EFBC}") = "PL.Logger", "PL.Logger\PL.Logger.csproj", "{EC4D9E5B-B1A1-49EB-A7DB-49FE70E12906}"
EndProject
Project("{FAE04EC0-301F-11D3-BF4B-00C04F79EFBC}") = "PL.BookKeeping.Infrastructure", "PL.BookKeeping.Infrastructure\PL.BookKeeping.Infrastructure.csproj", "{C25B5304-0FDE-4CE3-AEA8-6A3AD78EBDED}"
EndProject
Project("{FAE04EC0-301F-11D3-BF4B-00C04F79EFBC}") = "PL.Common.Prism", "PL.Common.Prism\PL.Common.Prism.csproj", "{87F76E27-EF8D-454E-B87A-257741EB2BD2}"
EndProject
Global
	GlobalSection(SolutionConfigurationPlatforms) = preSolution
		Debug|Any CPU = Debug|Any CPU
		Release|Any CPU = Release|Any CPU
	EndGlobalSection
	GlobalSection(ProjectConfigurationPlatforms) = postSolution
		{4603EC21-2AE1-4515-9C7C-58E9A68A106E}.Debug|Any CPU.ActiveCfg = Debug|Any CPU
		{4603EC21-2AE1-4515-9C7C-58E9A68A106E}.Debug|Any CPU.Build.0 = Debug|Any CPU
		{4603EC21-2AE1-4515-9C7C-58E9A68A106E}.Release|Any CPU.ActiveCfg = Release|Any CPU
		{4603EC21-2AE1-4515-9C7C-58E9A68A106E}.Release|Any CPU.Build.0 = Release|Any CPU
		{3FBE891B-065F-4DEA-989A-F85BD1EC9D9A}.Debug|Any CPU.ActiveCfg = Debug|Any CPU
		{3FBE891B-065F-4DEA-989A-F85BD1EC9D9A}.Debug|Any CPU.Build.0 = Debug|Any CPU
		{3FBE891B-065F-4DEA-989A-F85BD1EC9D9A}.Release|Any CPU.ActiveCfg = Release|Any CPU
		{3FBE891B-065F-4DEA-989A-F85BD1EC9D9A}.Release|Any CPU.Build.0 = Release|Any CPU
		{9905A1EA-A6B2-4FEA-B03D-B7DB011D4A95}.Debug|Any CPU.ActiveCfg = Debug|Any CPU
		{9905A1EA-A6B2-4FEA-B03D-B7DB011D4A95}.Debug|Any CPU.Build.0 = Debug|Any CPU
		{9905A1EA-A6B2-4FEA-B03D-B7DB011D4A95}.Release|Any CPU.ActiveCfg = Release|Any CPU
		{9905A1EA-A6B2-4FEA-B03D-B7DB011D4A95}.Release|Any CPU.Build.0 = Release|Any CPU
		{E3EB20CA-C2F3-4113-999E-679ECCE660F1}.Debug|Any CPU.ActiveCfg = Debug|Any CPU
		{E3EB20CA-C2F3-4113-999E-679ECCE660F1}.Debug|Any CPU.Build.0 = Debug|Any CPU
		{E3EB20CA-C2F3-4113-999E-679ECCE660F1}.Release|Any CPU.ActiveCfg = Release|Any CPU
		{E3EB20CA-C2F3-4113-999E-679ECCE660F1}.Release|Any CPU.Build.0 = Release|Any CPU
		{EC4D9E5B-B1A1-49EB-A7DB-49FE70E12906}.Debug|Any CPU.ActiveCfg = Debug|Any CPU
		{EC4D9E5B-B1A1-49EB-A7DB-49FE70E12906}.Debug|Any CPU.Build.0 = Debug|Any CPU
		{EC4D9E5B-B1A1-49EB-A7DB-49FE70E12906}.Release|Any CPU.ActiveCfg = Release|Any CPU
		{EC4D9E5B-B1A1-49EB-A7DB-49FE70E12906}.Release|Any CPU.Build.0 = Release|Any CPU
		{C25B5304-0FDE-4CE3-AEA8-6A3AD78EBDED}.Debug|Any CPU.ActiveCfg = Debug|Any CPU
		{C25B5304-0FDE-4CE3-AEA8-6A3AD78EBDED}.Debug|Any CPU.Build.0 = Debug|Any CPU
		{C25B5304-0FDE-4CE3-AEA8-6A3AD78EBDED}.Release|Any CPU.ActiveCfg = Release|Any CPU
		{C25B5304-0FDE-4CE3-AEA8-6A3AD78EBDED}.Release|Any CPU.Build.0 = Release|Any CPU
		{87F76E27-EF8D-454E-B87A-257741EB2BD2}.Debug|Any CPU.ActiveCfg = Debug|Any CPU
		{87F76E27-EF8D-454E-B87A-257741EB2BD2}.Debug|Any CPU.Build.0 = Debug|Any CPU
		{87F76E27-EF8D-454E-B87A-257741EB2BD2}.Release|Any CPU.ActiveCfg = Release|Any CPU
		{87F76E27-EF8D-454E-B87A-257741EB2BD2}.Release|Any CPU.Build.0 = Release|Any CPU
	EndGlobalSection
	GlobalSection(SolutionProperties) = preSolution
		HideSolutionNode = FALSE
	EndGlobalSection
	GlobalSection(TeamFoundationVersionControl) = preSolution
		SccNumberOfProjects = 8
		SccEnterpriseProvider = {4CA58AB2-18FA-4F8D-95D4-32DDF27D184C}
		SccTeamFoundationServer = https://panteraleo.visualstudio.com/defaultcollection
		SccLocalPath0 = .
		SccProjectUniqueName1 = BookKeeping.Client\\BookKeeping.Client.csproj
		SccProjectName1 = BookKeeping.Client
		SccLocalPath1 = BookKeeping.Client
		SccProjectUniqueName2 = PL.BookKeeping.Business\\PL.BookKeeping.Business.csproj
		SccProjectName2 = PL.BookKeeping.Business
		SccLocalPath2 = PL.BookKeeping.Business
		SccProjectUniqueName3 = PL.BookKeeping.Data\\PL.BookKeeping.Data.csproj
		SccProjectName3 = PL.BookKeeping.Data
		SccLocalPath3 = PL.BookKeeping.Data
		SccProjectUniqueName4 = PL.BookKeeping.Entities\\PL.BookKeeping.Entities.csproj
		SccProjectName4 = PL.BookKeeping.Entities
		SccLocalPath4 = PL.BookKeeping.Entities
		SccProjectUniqueName5 = PL.Logger\\PL.Logger.csproj
		SccProjectName5 = PL.Logger
		SccLocalPath5 = PL.Logger
		SccProjectUniqueName6 = PL.BookKeeping.Infrastructure\\PL.BookKeeping.Infrastructure.csproj
		SccProjectName6 = PL.BookKeeping.Infrastructure
		SccLocalPath6 = PL.BookKeeping.Infrastructure
		SccProjectUniqueName7 = PL.Common.Prism\\PL.Common.Prism.csproj
		SccProjectName7 = PL.Common.Prism
		SccLocalPath7 = PL.Common.Prism
	EndGlobalSection
EndGlobal
